
Microsoft Visual Studio Solution File, Format Version 12.00
# Visual Studio Version 16
VisualStudioVersion = 16.0.28803.916
MinimumVisualStudioVersion = 10.0.40219.1
Project("{FAE04EC0-301F-11D3-BF4B-00C04F79EFBC}") = "Templo_Da_Paz", "Templo_Da_Paz.csproj", "{971FA2CD-938D-4C15-8F11-2116F675800E}"
EndProject
Global
	GlobalSection(SolutionConfigurationPlatforms) = preSolution
		Debug|Any CPU = Debug|Any CPU
		Release|Any CPU = Release|Any CPU
	EndGlobalSection
	GlobalSection(ProjectConfigurationPlatforms) = postSolution
		{971FA2CD-938D-4C15-8F11-2116F675800E}.Debug|Any CPU.ActiveCfg = Debug|Any CPU
		{971FA2CD-938D-4C15-8F11-2116F675800E}.Debug|Any CPU.Build.0 = Debug|Any CPU
		{971FA2CD-938D-4C15-8F11-2116F675800E}.Release|Any CPU.ActiveCfg = Release|Any CPU
		{971FA2CD-938D-4C15-8F11-2116F675800E}.Release|Any CPU.Build.0 = Release|Any CPU
	EndGlobalSection
	GlobalSection(SolutionProperties) = preSolution
		HideSolutionNode = FALSE
	EndGlobalSection
	GlobalSection(ExtensibilityGlobals) = postSolution
		SolutionGuid = {3A9DA550-61FE-4339-9440-5C4DE6595AB0}
	EndGlobalSection
EndGlobal
